Microsoft Visual Studio Solution File, Format Version 12.00
# Visual Studio Version 17
VisualStudioVersion = 17.5.2.0
MinimumVisualStudioVersion = 10.0.40219.1
Project("{FAE04EC0-301F-11D3-BF4B-00C04F79EFBC}") = "ClienteFecha", "ClienteFecha.csproj", "{9E214CD0-7A02-3F09-FEF3-BB5F7AFCF484}"
EndProject
Global
	GlobalSection(SolutionConfigurationPlatforms) = preSolution
		Debug|Any CPU = Debug|Any CPU
		Release|Any CPU = Release|Any CPU
	EndGlobalSection
	GlobalSection(ProjectConfigurationPlatforms) = postSolution
		{9E214CD0-7A02-3F09-FEF3-BB5F7AFCF484}.Debug|Any CPU.ActiveCfg = Debug|Any CPU
		{9E214CD0-7A02-3F09-FEF3-BB5F7AFCF484}.Debug|Any CPU.Build.0 = Debug|Any CPU
		{9E214CD0-7A02-3F09-FEF3-BB5F7AFCF484}.Release|Any CPU.ActiveCfg = Release|Any CPU
		{9E214CD0-7A02-3F09-FEF3-BB5F7AFCF484}.Release|Any CPU.Build.0 = Release|Any CPU
	EndGlobalSection
	GlobalSection(SolutionProperties) = preSolution
		HideSolutionNode = FALSE
	EndGlobalSection
	GlobalSection(ExtensibilityGlobals) = postSolution
		SolutionGuid = {33DD502F-6B72-4B16-BA1F-0F5EE75DD978}
	EndGlobalSection
EndGlobal
